
Microsoft Visual Studio Solution File, Format Version 12.00
# Visual Studio Version 16
VisualStudioVersion = 16.0.32126.315
MinimumVisualStudioVersion = 10.0.40219.1
Project("{8BC9CEB8-8B4A-11D0-8D11-00A0C91BC942}") = "Week5_2", "Week5_2.vcxproj", "{ECAD5891-DA23-4478-AE41-51E527620283}"
EndProject
Global
	GlobalSection(SolutionConfigurationPlatforms) = preSolution
		Debug|x64 = Debug|x64
		Debug|x86 = Debug|x86
		Release|x64 = Release|x64
		Release|x86 = Release|x86
	EndGlobalSection
	GlobalSection(ProjectConfigurationPlatforms) = postSolution
		{ECAD5891-DA23-4478-AE41-51E527620283}.Debug|x64.ActiveCfg = Debug|x64
		{ECAD5891-DA23-4478-AE41-51E527620283}.Debug|x64.Build.0 = Debug|x64
		{ECAD5891-DA23-4478-AE41-51E527620283}.Debug|x86.ActiveCfg = Debug|Win32
		{ECAD5891-DA23-4478-AE41-51E527620283}.Debug|x86.Build.0 = Debug|Win32
		{ECAD5891-DA23-4478-AE41-51E527620283}.Release|x64.ActiveCfg = Release|x64
		{ECAD5891-DA23-4478-AE41-51E527620283}.Release|x64.Build.0 = Release|x64
		{ECAD5891-DA23-4478-AE41-51E527620283}.Release|x86.ActiveCfg = Release|Win32
		{ECAD5891-DA23-4478-AE41-51E527620283}.Release|x86.Build.0 = Release|Win32
	EndGlobalSection
	GlobalSection(SolutionProperties) = preSolution
		HideSolutionNode = FALSE
	EndGlobalSection
	GlobalSection(ExtensibilityGlobals) = postSolution
		SolutionGuid = {67C4FBE9-61A3-42ED-9845-391E8281E32B}
	EndGlobalSection
EndGlobal
