
Microsoft Visual Studio Solution File, Format Version 12.00
# Visual Studio Version 16
VisualStudioVersion = 16.0.32126.315
MinimumVisualStudioVersion = 10.0.40219.1
Project("{8BC9CEB8-8B4A-11D0-8D11-00A0C91BC942}") = "Week9_1", "Week9_1.vcxproj", "{5AD069CA-0DED-4A2A-B82A-8C16C8A30673}"
EndProject
Global
	GlobalSection(SolutionConfigurationPlatforms) = preSolution
		Debug|x64 = Debug|x64
		Debug|x86 = Debug|x86
		Release|x64 = Release|x64
		Release|x86 = Release|x86
	EndGlobalSection
	GlobalSection(ProjectConfigurationPlatforms) = postSolution
		{5AD069CA-0DED-4A2A-B82A-8C16C8A30673}.Debug|x64.ActiveCfg = Debug|x64
		{5AD069CA-0DED-4A2A-B82A-8C16C8A30673}.Debug|x64.Build.0 = Debug|x64
		{5AD069CA-0DED-4A2A-B82A-8C16C8A30673}.Debug|x86.ActiveCfg = Debug|Win32
		{5AD069CA-0DED-4A2A-B82A-8C16C8A30673}.Debug|x86.Build.0 = Debug|Win32
		{5AD069CA-0DED-4A2A-B82A-8C16C8A30673}.Release|x64.ActiveCfg = Release|x64
		{5AD069CA-0DED-4A2A-B82A-8C16C8A30673}.Release|x64.Build.0 = Release|x64
		{5AD069CA-0DED-4A2A-B82A-8C16C8A30673}.Release|x86.ActiveCfg = Release|Win32
		{5AD069CA-0DED-4A2A-B82A-8C16C8A30673}.Release|x86.Build.0 = Release|Win32
	EndGlobalSection
	GlobalSection(SolutionProperties) = preSolution
		HideSolutionNode = FALSE
	EndGlobalSection
	GlobalSection(ExtensibilityGlobals) = postSolution
		SolutionGuid = {653EE2C9-290F-4C87-A648-3D6FB31D7D4F}
	EndGlobalSection
EndGlobal
